
Microsoft Visual Studio Solution File, Format Version 12.00
# Visual Studio 15
VisualStudioVersion = 15.0.27130.2024
MinimumVisualStudioVersion = 10.0.40219.1
Project("{FAE04EC0-301F-11D3-BF4B-00C04F79EFBC}") = "Assignment2JonathanRodeffer", "Assignment2JonathanRodeffer\Assignment2JonathanRodeffer.csproj", "{4A4320E6-2182-4CF3-AE1A-66D88DA46CBC}"
EndProject
Global
	GlobalSection(SolutionConfigurationPlatforms) = preSolution
		Debug|Any CPU = Debug|Any CPU
		Release|Any CPU = Release|Any CPU
	EndGlobalSection
	GlobalSection(ProjectConfigurationPlatforms) = postSolution
		{4A4320E6-2182-4CF3-AE1A-66D88DA46CBC}.Debug|Any CPU.ActiveCfg = Debug|Any CPU
		{4A4320E6-2182-4CF3-AE1A-66D88DA46CBC}.Debug|Any CPU.Build.0 = Debug|Any CPU
		{4A4320E6-2182-4CF3-AE1A-66D88DA46CBC}.Release|Any CPU.ActiveCfg = Release|Any CPU
		{4A4320E6-2182-4CF3-AE1A-66D88DA46CBC}.Release|Any CPU.Build.0 = Release|Any CPU
	EndGlobalSection
	GlobalSection(SolutionProperties) = preSolution
		HideSolutionNode = FALSE
	EndGlobalSection
	GlobalSection(ExtensibilityGlobals) = postSolution
		SolutionGuid = {0BADE68A-2FF5-415C-AFF1-F9EAE93A8131}
	EndGlobalSection
EndGlobal
